
Microsoft Visual Studio Solution File, Format Version 12.00
# Visual Studio Version 16
VisualStudioVersion = 16.0.31005.135
MinimumVisualStudioVersion = 10.0.40219.1
Project("{FAE04EC0-301F-11D3-BF4B-00C04F79EFBC}") = "WebApplicationExample", "WebApplicationExample\WebApplicationExample.csproj", "{8B99210D-ABA8-4113-B605-2BA2719980E0}"
EndProject
Global
	GlobalSection(SolutionConfigurationPlatforms) = preSolution
		Debug|Any CPU = Debug|Any CPU
		Release|Any CPU = Release|Any CPU
	EndGlobalSection
	GlobalSection(ProjectConfigurationPlatforms) = postSolution
		{8B99210D-ABA8-4113-B605-2BA2719980E0}.Debug|Any CPU.ActiveCfg = Debug|Any CPU
		{8B99210D-ABA8-4113-B605-2BA2719980E0}.Debug|Any CPU.Build.0 = Debug|Any CPU
		{8B99210D-ABA8-4113-B605-2BA2719980E0}.Release|Any CPU.ActiveCfg = Release|Any CPU
		{8B99210D-ABA8-4113-B605-2BA2719980E0}.Release|Any CPU.Build.0 = Release|Any CPU
	EndGlobalSection
	GlobalSection(SolutionProperties) = preSolution
		HideSolutionNode = FALSE
	EndGlobalSection
	GlobalSection(ExtensibilityGlobals) = postSolution
		SolutionGuid = {8D7C3BB3-0694-4E7D-B9A2-2875B9E6B227}
	EndGlobalSection
EndGlobal
